// !$*UTF8*$!
{
	archiveVersion = 1;
	classes = {
	};
	objectVersion = 46;
	objects = {

/* Begin PBXBuildFile section */
		212E34941856BC5D00D04066 /* EXPMatchers+haveIdenticalEvents.m in Sources */ = {isa = PBXBuildFile; fileRef = 212E34931856BC5D00D04066 /* EXPMatchers+haveIdenticalEvents.m */; };
		212E34961856BC6D00D04066 /* EXPMatchers+haveIdenticalEventsTests.m in Sources */ = {isa = PBXBuildFile; fileRef = 212E34951856BC6D00D04066 /* EXPMatchers+haveIdenticalEventsTests.m */; };
		212E349F1856DE7000D04066 /* LLReactiveMatchersHelpers.m in Sources */ = {isa = PBXBuildFile; fileRef = 212E349E1856DE7000D04066 /* LLReactiveMatchersHelpers.m */; };
		212E34A31856E2BA00D04066 /* EXPMatchers+haveIdenticalErrors.m in Sources */ = {isa = PBXBuildFile; fileRef = 212E34A21856E2BA00D04066 /* EXPMatchers+haveIdenticalErrors.m */; };
		212E34A51856E2CE00D04066 /* EXPMatchers+haveIdenticalErrorsTests.m in Sources */ = {isa = PBXBuildFile; fileRef = 212E34A41856E2CE00D04066 /* EXPMatchers+haveIdenticalErrorsTests.m */; };
		212E34A81856E61100D04066 /* EXPMatchers+haveIdenticalValues.m in Sources */ = {isa = PBXBuildFile; fileRef = 212E34A71856E61100D04066 /* EXPMatchers+haveIdenticalValues.m */; };
		212E34AA1856E68B00D04066 /* EXPMatchers+haveidenticalValuesTests.m in Sources */ = {isa = PBXBuildFile; fileRef = 212E34A91856E68B00D04066 /* EXPMatchers+haveidenticalValuesTests.m */; };
		212E34AD185746FA00D04066 /* EXPMatchers+sendError.m in Sources */ = {isa = PBXBuildFile; fileRef = 212E34AC185746F900D04066 /* EXPMatchers+sendError.m */; };
		212E34AF1857C93100D04066 /* EXPMatchers+sendErrorTest.m in Sources */ = {isa = PBXBuildFile; fileRef = 212E34AE1857C93100D04066 /* EXPMatchers+sendErrorTest.m */; };
		218E71791851420400D42D57 /* LLSignalTestProxyTest.m in Sources */ = {isa = PBXBuildFile; fileRef = 218E71781851420400D42D57 /* LLSignalTestProxyTest.m */; };
		218E717D185142C700D42D57 /* LLReactiveMatchersFixtures.m in Sources */ = {isa = PBXBuildFile; fileRef = 218E717C185142C700D42D57 /* LLReactiveMatchersFixtures.m */; };
		21A1FCEB18596B8E0097995D /* EXPMatchers+complete.m in Sources */ = {isa = PBXBuildFile; fileRef = 21A1FCEA18596B8E0097995D /* EXPMatchers+complete.m */; };
		21A1FCED18596DB30097995D /* EXPMatchers+completeTests.m in Sources */ = {isa = PBXBuildFile; fileRef = 21A1FCEC18596DB30097995D /* EXPMatchers+completeTests.m */; };
		21A1FCF218598AA60097995D /* EXPMatchers+finish.m in Sources */ = {isa = PBXBuildFile; fileRef = 21A1FCF118598AA60097995D /* EXPMatchers+finish.m */; };
		21A1FCF418598B2B0097995D /* EXPMatchers+finishTests.m in Sources */ = {isa = PBXBuildFile; fileRef = 21A1FCF318598B2B0097995D /* EXPMatchers+finishTests.m */; };
		21A1FCF718598D3E0097995D /* EXPMatchers+sendValues.m in Sources */ = {isa = PBXBuildFile; fileRef = 21A1FCF618598D3E0097995D /* EXPMatchers+sendValues.m */; };
		21A1FCF91859903A0097995D /* EXPMatchers+sendValuesTests.m in Sources */ = {isa = PBXBuildFile; fileRef = 21A1FCF81859903A0097995D /* EXPMatchers+sendValuesTests.m */; };
		21DD76CD1851792C00488C18 /* EXPExpect+Test.m in Sources */ = {isa = PBXBuildFile; fileRef = 21DD76C91851792C00488C18 /* EXPExpect+Test.m */; settings = {COMPILER_FLAGS = "-fno-objc-arc"; }; };
		21DD76CE1851792C00488C18 /* FakeTestCase.m in Sources */ = {isa = PBXBuildFile; fileRef = 21DD76CB1851792C00488C18 /* FakeTestCase.m */; };
		21DD76D31851805F00488C18 /* RACSignal+LLTestSubscriber.m in Sources */ = {isa = PBXBuildFile; fileRef = 21DD76D21851805F00488C18 /* RACSignal+LLTestSubscriber.m */; };
		21F5F6B31856731C00F4B30A /* LLSignalTestProxy.m in Sources */ = {isa = PBXBuildFile; fileRef = 21F5F6B21856731C00F4B30A /* LLSignalTestProxy.m */; };
		21FD0A4E1850470000DB455B /* Foundation.framework in Frameworks */ = {isa = PBXBuildFile; fileRef = 21FD0A4D1850470000DB455B /* Foundation.framework */; };
		21FD0A5C1850470000DB455B /* XCTest.framework in Frameworks */ = {isa = PBXBuildFile; fileRef = 21FD0A5B1850470000DB455B /* XCTest.framework */; };
		21FD0A5D1850470000DB455B /* Foundation.framework in Frameworks */ = {isa = PBXBuildFile; fileRef = 21FD0A4D1850470000DB455B /* Foundation.framework */; };
		21FD0A5F1850470000DB455B /* UIKit.framework in Frameworks */ = {isa = PBXBuildFile; fileRef = 21FD0A5E1850470000DB455B /* UIKit.framework */; };
		21FD0A621850470000DB455B /* libLLReactiveMatchers.a in Frameworks */ = {isa = PBXBuildFile; fileRef = 21FD0A4A1850470000DB455B /* libLLReactiveMatchers.a */; };
		21FD0A681850470000DB455B /* InfoPlist.strings in Resources */ = {isa = PBXBuildFile; fileRef = 21FD0A661850470000DB455B /* InfoPlist.strings */; };
		D77CF4357E7645CA9CD16B5E /* libPods.a in Frameworks */ = {isa = PBXBuildFile; fileRef = 36235DB5AB1140659840DAD1 /* libPods.a */; };
/* End PBXBuildFile section */

/* Begin PBXContainerItemProxy section */
		21FD0A601850470000DB455B /* PBXContainerItemProxy */ = {
			isa = PBXContainerItemProxy;
			containerPortal = 21FD0A42185046FF00DB455B /* Project object */;
			proxyType = 1;
			remoteGlobalIDString = 21FD0A491850470000DB455B;
			remoteInfo = LLReactiveMatchers;
		};
/* End PBXContainerItemProxy section */

/* Begin PBXCopyFilesBuildPhase section */
		21FD0A481850470000DB455B /* CopyFiles */ = {
			isa = PBXCopyFilesBuildPhase;
			buildActionMask = 2147483647;
			dstPath = "include/$(PRODUCT_NAME)";
			dstSubfolderSpec = 16;
			files = (
			);
			runOnlyForDeploymentPostprocessing = 0;
		};
/* End PBXCopyFilesBuildPhase section */

/* Begin PBXFileReference section */
		212E34921856BC5D00D04066 /* EXPMatchers+haveIdenticalEvents.h */ = {isa = PBXFileReference; fileEncoding = 4; lastKnownFileType = sourcecode.c.h; path = "EXPMatchers+haveIdenticalEvents.h"; sourceTree = "<group>"; };
		212E34931856BC5D00D04066 /* EXPMatchers+haveIdenticalEvents.m */ = {isa = PBXFileReference; fileEncoding = 4; lastKnownFileType = sourcecode.c.objc; path = "EXPMatchers+haveIdenticalEvents.m"; sourceTree = "<group>"; };
		212E34951856BC6D00D04066 /* EXPMatchers+haveIdenticalEventsTests.m */ = {isa = PBXFileReference; fileEncoding = 4; lastKnownFileType = sourcecode.c.objc; path = "EXPMatchers+haveIdenticalEventsTests.m"; sourceTree = "<group>"; };
		212E349D1856DE7000D04066 /* LLReactiveMatchersHelpers.h */ = {isa = PBXFileReference; fileEncoding = 4; lastKnownFileType = sourcecode.c.h; path = LLReactiveMatchersHelpers.h; sourceTree = "<group>"; };
		212E349E1856DE7000D04066 /* LLReactiveMatchersHelpers.m */ = {isa = PBXFileReference; fileEncoding = 4; lastKnownFileType = sourcecode.c.objc; path = LLReactiveMatchersHelpers.m; sourceTree = "<group>"; };
		212E34A11856E2BA00D04066 /* EXPMatchers+haveIdenticalErrors.h */ = {isa = PBXFileReference; fileEncoding = 4; lastKnownFileType = sourcecode.c.h; path = "EXPMatchers+haveIdenticalErrors.h"; sourceTree = "<group>"; };
		212E34A21856E2BA00D04066 /* EXPMatchers+haveIdenticalErrors.m */ = {isa = PBXFileReference; fileEncoding = 4; lastKnownFileType = sourcecode.c.objc; path = "EXPMatchers+haveIdenticalErrors.m"; sourceTree = "<group>"; };
		212E34A41856E2CE00D04066 /* EXPMatchers+haveIdenticalErrorsTests.m */ = {isa = PBXFileReference; fileEncoding = 4; lastKnownFileType = sourcecode.c.objc; path = "EXPMatchers+haveIdenticalErrorsTests.m"; sourceTree = "<group>"; };
		212E34A61856E61100D04066 /* EXPMatchers+haveIdenticalValues.h */ = {isa = PBXFileReference; fileEncoding = 4; lastKnownFileType = sourcecode.c.h; path = "EXPMatchers+haveIdenticalValues.h"; sourceTree = "<group>"; };
		212E34A71856E61100D04066 /* EXPMatchers+haveIdenticalValues.m */ = {isa = PBXFileReference; fileEncoding = 4; lastKnownFileType = sourcecode.c.objc; path = "EXPMatchers+haveIdenticalValues.m"; sourceTree = "<group>"; };
		212E34A91856E68B00D04066 /* EXPMatchers+haveidenticalValuesTests.m */ = {isa = PBXFileReference; fileEncoding = 4; lastKnownFileType = sourcecode.c.objc; path = "EXPMatchers+haveidenticalValuesTests.m"; sourceTree = "<group>"; };
		212E34AB185746F900D04066 /* EXPMatchers+sendError.h */ = {isa = PBXFileReference; fileEncoding = 4; lastKnownFileType = sourcecode.c.h; path = "EXPMatchers+sendError.h"; sourceTree = "<group>"; };
		212E34AC185746F900D04066 /* EXPMatchers+sendError.m */ = {isa = PBXFileReference; fileEncoding = 4; lastKnownFileType = sourcecode.c.objc; path = "EXPMatchers+sendError.m"; sourceTree = "<group>"; };
		212E34AE1857C93100D04066 /* EXPMatchers+sendErrorTest.m */ = {isa = PBXFileReference; fileEncoding = 4; lastKnownFileType = sourcecode.c.objc; path = "EXPMatchers+sendErrorTest.m"; sourceTree = "<group>"; };
		218E717418513F6200D42D57 /* TestHelper.h */ = {isa = PBXFileReference; fileEncoding = 4; lastKnownFileType = sourcecode.c.h; path = TestHelper.h; sourceTree = "<group>"; };
		218E71781851420400D42D57 /* LLSignalTestProxyTest.m */ = {isa = PBXFileReference; fileEncoding = 4; lastKnownFileType = sourcecode.c.objc; path = LLSignalTestProxyTest.m; sourceTree = "<group>"; };
		218E717B185142C700D42D57 /* LLReactiveMatchersFixtures.h */ = {isa = PBXFileReference; fileEncoding = 4; lastKnownFileType = sourcecode.c.h; path = LLReactiveMatchersFixtures.h; sourceTree = "<group>"; };
		218E717C185142C700D42D57 /* LLReactiveMatchersFixtures.m */ = {isa = PBXFileReference; fileEncoding = 4; lastKnownFileType = sourcecode.c.objc; path = LLReactiveMatchersFixtures.m; sourceTree = "<group>"; };
		218E718418514BC300D42D57 /* LLReactiveMatchersTestsImports.h */ = {isa = PBXFileReference; lastKnownFileType = sourcecode.c.h; path = LLReactiveMatchersTestsImports.h; sourceTree = "<group>"; };
		218E718518514BE300D42D57 /* LLReactiveMatchersTests-Prefix.pch */ = {isa = PBXFileReference; lastKnownFileType = sourcecode.c.h; path = "LLReactiveMatchersTests-Prefix.pch"; sourceTree = "<group>"; };
		21A1FCE918596B8E0097995D /* EXPMatchers+complete.h */ = {isa = PBXFileReference; fileEncoding = 4; lastKnownFileType = sourcecode.c.h; path = "EXPMatchers+complete.h"; sourceTree = "<group>"; };
		21A1FCEA18596B8E0097995D /* EXPMatchers+complete.m */ = {isa = PBXFileReference; fileEncoding = 4; lastKnownFileType = sourcecode.c.objc; path = "EXPMatchers+complete.m"; sourceTree = "<group>"; };
		21A1FCEC18596DB30097995D /* EXPMatchers+completeTests.m */ = {isa = PBXFileReference; fileEncoding = 4; lastKnownFileType = sourcecode.c.objc; path = "EXPMatchers+completeTests.m"; sourceTree = "<group>"; };
		21A1FCF018598AA60097995D /* EXPMatchers+finish.h */ = {isa = PBXFileReference; fileEncoding = 4; lastKnownFileType = sourcecode.c.h; path = "EXPMatchers+finish.h"; sourceTree = "<group>"; };
		21A1FCF118598AA60097995D /* EXPMatchers+finish.m */ = {isa = PBXFileReference; fileEncoding = 4; lastKnownFileType = sourcecode.c.objc; path = "EXPMatchers+finish.m"; sourceTree = "<group>"; };
		21A1FCF318598B2B0097995D /* EXPMatchers+finishTests.m */ = {isa = PBXFileReference; fileEncoding = 4; lastKnownFileType = sourcecode.c.objc; path = "EXPMatchers+finishTests.m"; sourceTree = "<group>"; };
		21A1FCF518598D3E0097995D /* EXPMatchers+sendValues.h */ = {isa = PBXFileReference; fileEncoding = 4; lastKnownFileType = sourcecode.c.h; path = "EXPMatchers+sendValues.h"; sourceTree = "<group>"; };
		21A1FCF618598D3E0097995D /* EXPMatchers+sendValues.m */ = {isa = PBXFileReference; fileEncoding = 4; lastKnownFileType = sourcecode.c.objc; path = "EXPMatchers+sendValues.m"; sourceTree = "<group>"; };
		21A1FCF81859903A0097995D /* EXPMatchers+sendValuesTests.m */ = {isa = PBXFileReference; fileEncoding = 4; lastKnownFileType = sourcecode.c.objc; path = "EXPMatchers+sendValuesTests.m"; sourceTree = "<group>"; };
		21DD76C81851792C00488C18 /* EXPExpect+Test.h */ = {isa = PBXFileReference; fileEncoding = 4; lastKnownFileType = sourcecode.c.h; path = "EXPExpect+Test.h"; sourceTree = "<group>"; };
		21DD76C91851792C00488C18 /* EXPExpect+Test.m */ = {isa = PBXFileReference; fileEncoding = 4; lastKnownFileType = sourcecode.c.objc; path = "EXPExpect+Test.m"; sourceTree = "<group>"; };
		21DD76CA1851792C00488C18 /* FakeTestCase.h */ = {isa = PBXFileReference; fileEncoding = 4; lastKnownFileType = sourcecode.c.h; path = FakeTestCase.h; sourceTree = "<group>"; };
		21DD76CB1851792C00488C18 /* FakeTestCase.m */ = {isa = PBXFileReference; fileEncoding = 4; lastKnownFileType = sourcecode.c.objc; path = FakeTestCase.m; sourceTree = "<group>"; };
		21DD76D11851805F00488C18 /* RACSignal+LLTestSubscriber.h */ = {isa = PBXFileReference; fileEncoding = 4; lastKnownFileType = sourcecode.c.h; path = "RACSignal+LLTestSubscriber.h"; sourceTree = "<group>"; };
		21DD76D21851805F00488C18 /* RACSignal+LLTestSubscriber.m */ = {isa = PBXFileReference; fileEncoding = 4; lastKnownFileType = sourcecode.c.objc; path = "RACSignal+LLTestSubscriber.m"; sourceTree = "<group>"; };
		21E842BA1851A57D00B7AC44 /* LLReactiveMatchers.h */ = {isa = PBXFileReference; lastKnownFileType = sourcecode.c.h; path = LLReactiveMatchers.h; sourceTree = "<group>"; };
		21E842BB1851A73400B7AC44 /* LLReactiveMatchersImports.h */ = {isa = PBXFileReference; lastKnownFileType = sourcecode.c.h; path = LLReactiveMatchersImports.h; sourceTree = "<group>"; };
		21F5F6B11856731C00F4B30A /* LLSignalTestProxy.h */ = {isa = PBXFileReference; fileEncoding = 4; lastKnownFileType = sourcecode.c.h; path = LLSignalTestProxy.h; sourceTree = "<group>"; };
		21F5F6B21856731C00F4B30A /* LLSignalTestProxy.m */ = {isa = PBXFileReference; fileEncoding = 4; lastKnownFileType = sourcecode.c.objc; path = LLSignalTestProxy.m; sourceTree = "<group>"; };
		21FD0A4A1850470000DB455B /* libLLReactiveMatchers.a */ = {isa = PBXFileReference; explicitFileType = archive.ar; includeInIndex = 0; path = libLLReactiveMatchers.a; sourceTree = BUILT_PRODUCTS_DIR; };
		21FD0A4D1850470000DB455B /* Foundation.framework */ = {isa = PBXFileReference; lastKnownFileType = wrapper.framework; name = Foundation.framework; path = System/Library/Frameworks/Foundation.framework; sourceTree = SDKROOT; };
		21FD0A511850470000DB455B /* LLReactiveMatchers-Prefix.pch */ = {isa = PBXFileReference; lastKnownFileType = sourcecode.c.h; path = "LLReactiveMatchers-Prefix.pch"; sourceTree = "<group>"; };
		21FD0A5A1850470000DB455B /* LLReactiveMatchersTests.xctest */ = {isa = PBXFileReference; explicitFileType = wrapper.cfbundle; includeInIndex = 0; path = LLReactiveMatchersTests.xctest; sourceTree = BUILT_PRODUCTS_DIR; };
		21FD0A5B1850470000DB455B /* XCTest.framework */ = {isa = PBXFileReference; lastKnownFileType = wrapper.framework; name = XCTest.framework; path = Library/Frameworks/XCTest.framework; sourceTree = DEVELOPER_DIR; };
		21FD0A5E1850470000DB455B /* UIKit.framework */ = {isa = PBXFileReference; lastKnownFileType = wrapper.framework; name = UIKit.framework; path = Library/Frameworks/UIKit.framework; sourceTree = DEVELOPER_DIR; };
		21FD0A651850470000DB455B /* LLReactiveMatchersTests-Info.plist */ = {isa = PBXFileReference; lastKnownFileType = text.plist.xml; path = "LLReactiveMatchersTests-Info.plist"; sourceTree = "<group>"; };
		21FD0A671850470000DB455B /* en */ = {isa = PBXFileReference; lastKnownFileType = text.plist.strings; name = en; path = en.lproj/InfoPlist.strings; sourceTree = "<group>"; };
		36235DB5AB1140659840DAD1 /* libPods.a */ = {isa = PBXFileReference; explicitFileType = archive.ar; includeInIndex = 0; path = libPods.a; sourceTree = BUILT_PRODUCTS_DIR; };
		D5C77E98CCBE464094EAA1AE /* Pods.xcconfig */ = {isa = PBXFileReference; includeInIndex = 1; lastKnownFileType = text.xcconfig; name = Pods.xcconfig; path = Pods/Pods.xcconfig; sourceTree = "<group>"; };
/* End PBXFileReference section */

/* Begin PBXFrameworksBuildPhase section */
		21FD0A471850470000DB455B /* Frameworks */ = {
			isa = PBXFrameworksBuildPhase;
			buildActionMask = 2147483647;
			files = (
				21FD0A4E1850470000DB455B /* Foundation.framework in Frameworks */,
				D77CF4357E7645CA9CD16B5E /* libPods.a in Frameworks */,
			);
			runOnlyForDeploymentPostprocessing = 0;
		};
		21FD0A571850470000DB455B /* Frameworks */ = {
			isa = PBXFrameworksBuildPhase;
			buildActionMask = 2147483647;
			files = (
				21FD0A5C1850470000DB455B /* XCTest.framework in Frameworks */,
				21FD0A5F1850470000DB455B /* UIKit.framework in Frameworks */,
				21FD0A5D1850470000DB455B /* Foundation.framework in Frameworks */,
				21FD0A621850470000DB455B /* libLLReactiveMatchers.a in Frameworks */,
			);
			runOnlyForDeploymentPostprocessing = 0;
		};
/* End PBXFrameworksBuildPhase section */

/* Begin PBXGroup section */
		212E34911856BC5D00D04066 /* Matchers */ = {
			isa = PBXGroup;
			children = (
				21A1FCE918596B8E0097995D /* EXPMatchers+complete.h */,
				21A1FCEA18596B8E0097995D /* EXPMatchers+complete.m */,
				21A1FCF018598AA60097995D /* EXPMatchers+finish.h */,
				21A1FCF118598AA60097995D /* EXPMatchers+finish.m */,
				212E34A11856E2BA00D04066 /* EXPMatchers+haveIdenticalErrors.h */,
				212E34A21856E2BA00D04066 /* EXPMatchers+haveIdenticalErrors.m */,
				212E34921856BC5D00D04066 /* EXPMatchers+haveIdenticalEvents.h */,
				212E34931856BC5D00D04066 /* EXPMatchers+haveIdenticalEvents.m */,
				212E34A61856E61100D04066 /* EXPMatchers+haveIdenticalValues.h */,
				212E34A71856E61100D04066 /* EXPMatchers+haveIdenticalValues.m */,
				212E34AB185746F900D04066 /* EXPMatchers+sendError.h */,
				212E34AC185746F900D04066 /* EXPMatchers+sendError.m */,
				21A1FCF518598D3E0097995D /* EXPMatchers+sendValues.h */,
				21A1FCF618598D3E0097995D /* EXPMatchers+sendValues.m */,
			);
			path = Matchers;
			sourceTree = "<group>";
		};
		218E716A18513F5B00D42D57 /* Tests */ = {
			isa = PBXGroup;
			children = (
				21A1FCEC18596DB30097995D /* EXPMatchers+completeTests.m */,
				21A1FCF318598B2B0097995D /* EXPMatchers+finishTests.m */,
				212E34A41856E2CE00D04066 /* EXPMatchers+haveIdenticalErrorsTests.m */,
				212E34951856BC6D00D04066 /* EXPMatchers+haveIdenticalEventsTests.m */,
				212E34A91856E68B00D04066 /* EXPMatchers+haveidenticalValuesTests.m */,
				212E34AE1857C93100D04066 /* EXPMatchers+sendErrorTest.m */,
				21A1FCF81859903A0097995D /* EXPMatchers+sendValuesTests.m */,
				218E71781851420400D42D57 /* LLSignalTestProxyTest.m */,
			);
			path = Tests;
			sourceTree = "<group>";
		};
		218E716D18513F6200D42D57 /* Helpers */ = {
			isa = PBXGroup;
			children = (
				21DD76C81851792C00488C18 /* EXPExpect+Test.h */,
				21DD76C91851792C00488C18 /* EXPExpect+Test.m */,
				21DD76CA1851792C00488C18 /* FakeTestCase.h */,
				21DD76CB1851792C00488C18 /* FakeTestCase.m */,
				218E717418513F6200D42D57 /* TestHelper.h */,
			);
			path = Helpers;
			sourceTree = "<group>";
		};
		218E717A185142A200D42D57 /* Fixtures */ = {
			isa = PBXGroup;
			children = (
				218E717B185142C700D42D57 /* LLReactiveMatchersFixtures.h */,
				218E717C185142C700D42D57 /* LLReactiveMatchersFixtures.m */,
			);
			path = Fixtures;
			sourceTree = "<group>";
		};
		218E718A18514D7C00D42D57 /* Subscribers */ = {
			isa = PBXGroup;
			children = (
				21F5F6B11856731C00F4B30A /* LLSignalTestProxy.h */,
				21F5F6B21856731C00F4B30A /* LLSignalTestProxy.m */,
				21DD76D11851805F00488C18 /* RACSignal+LLTestSubscriber.h */,
				21DD76D21851805F00488C18 /* RACSignal+LLTestSubscriber.m */,
			);
			path = Subscribers;
			sourceTree = "<group>";
		};
		21FD0A41185046FF00DB455B = {
			isa = PBXGroup;
			children = (
				21FD0A4F1850470000DB455B /* LLReactiveMatchers */,
				21FD0A631850470000DB455B /* LLReactiveMatchersTests */,
				21FD0A4C1850470000DB455B /* Frameworks */,
				21FD0A4B1850470000DB455B /* Products */,
				D5C77E98CCBE464094EAA1AE /* Pods.xcconfig */,
			);
			sourceTree = "<group>";
		};
		21FD0A4B1850470000DB455B /* Products */ = {
			isa = PBXGroup;
			children = (
				21FD0A4A1850470000DB455B /* libLLReactiveMatchers.a */,
				21FD0A5A1850470000DB455B /* LLReactiveMatchersTests.xctest */,
			);
			name = Products;
			sourceTree = "<group>";
		};
		21FD0A4C1850470000DB455B /* Frameworks */ = {
			isa = PBXGroup;
			children = (
				21FD0A4D1850470000DB455B /* Foundation.framework */,
				21FD0A5B1850470000DB455B /* XCTest.framework */,
				21FD0A5E1850470000DB455B /* UIKit.framework */,
				36235DB5AB1140659840DAD1 /* libPods.a */,
			);
			name = Frameworks;
			sourceTree = "<group>";
		};
		21FD0A4F1850470000DB455B /* LLReactiveMatchers */ = {
			isa = PBXGroup;
			children = (
				21E842BA1851A57D00B7AC44 /* LLReactiveMatchers.h */,
				212E349D1856DE7000D04066 /* LLReactiveMatchersHelpers.h */,
				212E349E1856DE7000D04066 /* LLReactiveMatchersHelpers.m */,
				21E842BB1851A73400B7AC44 /* LLReactiveMatchersImports.h */,
				212E34911856BC5D00D04066 /* Matchers */,
				218E718A18514D7C00D42D57 /* Subscribers */,
				21FD0A501850470000DB455B /* Supporting Files */,
			);
			path = LLReactiveMatchers;
			sourceTree = "<group>";
		};
		21FD0A501850470000DB455B /* Supporting Files */ = {
			isa = PBXGroup;
			children = (
				21FD0A511850470000DB455B /* LLReactiveMatchers-Prefix.pch */,
			);
			name = "Supporting Files";
			sourceTree = "<group>";
		};
		21FD0A631850470000DB455B /* LLReactiveMatchersTests */ = {
			isa = PBXGroup;
			children = (
				218E717A185142A200D42D57 /* Fixtures */,
				218E716D18513F6200D42D57 /* Helpers */,
				21FD0A641850470000DB455B /* Supporting Files */,
				218E716A18513F5B00D42D57 /* Tests */,
			);
			path = LLReactiveMatchersTests;
			sourceTree = "<group>";
		};
		21FD0A641850470000DB455B /* Supporting Files */ = {
			isa = PBXGroup;
			children = (
				218E718418514BC300D42D57 /* LLReactiveMatchersTestsImports.h */,
				218E718518514BE300D42D57 /* LLReactiveMatchersTests-Prefix.pch */,
				21FD0A651850470000DB455B /* LLReactiveMatchersTests-Info.plist */,
				21FD0A661850470000DB455B /* InfoPlist.strings */,
			);
			name = "Supporting Files";
			sourceTree = "<group>";
		};
/* End PBXGroup section */

/* Begin PBXNativeTarget section */
		21FD0A491850470000DB455B /* LLReactiveMatchers */ = {
			isa = PBXNativeTarget;
			buildConfigurationList = 21FD0A6D1850470000DB455B /* Build configuration list for PBXNativeTarget "LLReactiveMatchers" */;
			buildPhases = (
				1267B9E657C9496DA521159C /* Check Pods Manifest.lock */,
				21FD0A461850470000DB455B /* Sources */,
				21FD0A471850470000DB455B /* Frameworks */,
				21FD0A481850470000DB455B /* CopyFiles */,
				B41B9504AA6F455AA41E300E /* Copy Pods Resources */,
			);
			buildRules = (
			);
			dependencies = (
			);
			name = LLReactiveMatchers;
			productName = LLReactiveMatchers;
			productReference = 21FD0A4A1850470000DB455B /* libLLReactiveMatchers.a */;
			productType = "com.apple.product-type.library.static";
		};
		21FD0A591850470000DB455B /* LLReactiveMatchersTests */ = {
			isa = PBXNativeTarget;
			buildConfigurationList = 21FD0A701850470000DB455B /* Build configuration list for PBXNativeTarget "LLReactiveMatchersTests" */;
			buildPhases = (
				21FD0A561850470000DB455B /* Sources */,
				21FD0A571850470000DB455B /* Frameworks */,
				21FD0A581850470000DB455B /* Resources */,
			);
			buildRules = (
			);
			dependencies = (
				21FD0A611850470000DB455B /* PBXTargetDependency */,
			);
			name = LLReactiveMatchersTests;
			productName = LLReactiveMatchersTests;
			productReference = 21FD0A5A1850470000DB455B /* LLReactiveMatchersTests.xctest */;
			productType = "com.apple.product-type.bundle.unit-test";
		};
/* End PBXNativeTarget section */

/* Begin PBXProject section */
		21FD0A42185046FF00DB455B /* Project object */ = {
			isa = PBXProject;
			attributes = {
				LastUpgradeCheck = 0510;
			};
			buildConfigurationList = 21FD0A45185046FF00DB455B /* Build configuration list for PBXProject "LLReactiveMatchers" */;
			compatibilityVersion = "Xcode 3.2";
			developmentRegion = English;
			hasScannedForEncodings = 0;
			knownRegions = (
				en,
			);
			mainGroup = 21FD0A41185046FF00DB455B;
			productRefGroup = 21FD0A4B1850470000DB455B /* Products */;
			projectDirPath = "";
			projectRoot = "";
			targets = (
				21FD0A491850470000DB455B /* LLReactiveMatchers */,
				21FD0A591850470000DB455B /* LLReactiveMatchersTests */,
			);
		};
/* End PBXProject section */

/* Begin PBXResourcesBuildPhase section */
		21FD0A581850470000DB455B /* Resources */ = {
			isa = PBXResourcesBuildPhase;
			buildActionMask = 2147483647;
			files = (
				21FD0A681850470000DB455B /* InfoPlist.strings in Resources */,
			);
			runOnlyForDeploymentPostprocessing = 0;
		};
/* End PBXResourcesBuildPhase section */

/* Begin PBXShellScriptBuildPhase section */
		1267B9E657C9496DA521159C /* Check Pods Manifest.lock */ = {
			isa = PBXShellScriptBuildPhase;
			buildActionMask = 2147483647;
			files = (
			);
			inputPaths = (
			);
			name = "Check Pods Manifest.lock";
			outputPaths = (
			);
			runOnlyForDeploymentPostprocessing = 0;
			shellPath = /bin/sh;
			shellScript = "diff \"${PODS_ROOT}/../Podfile.lock\" \"${PODS_ROOT}/Manifest.lock\" > /dev/null\nif [[ $? != 0 ]] ; then\n    cat << EOM\nerror: The sandbox is not in sync with the Podfile.lock. Run 'pod install' or update your CocoaPods installation.\nEOM\n    exit 1\nfi\n";
			showEnvVarsInLog = 0;
		};
		B41B9504AA6F455AA41E300E /* Copy Pods Resources */ = {
			isa = PBXShellScriptBuildPhase;
			buildActionMask = 2147483647;
			files = (
			);
			inputPaths = (
			);
			name = "Copy Pods Resources";
			outputPaths = (
			);
			runOnlyForDeploymentPostprocessing = 0;
			shellPath = /bin/sh;
			shellScript = "\"${SRCROOT}/Pods/Pods-resources.sh\"\n";
			showEnvVarsInLog = 0;
		};
/* End PBXShellScriptBuildPhase section */

/* Begin PBXSourcesBuildPhase section */
		21FD0A461850470000DB455B /* Sources */ = {
			isa = PBXSourcesBuildPhase;
			buildActionMask = 2147483647;
			files = (
				212E34A81856E61100D04066 /* EXPMatchers+haveIdenticalValues.m in Sources */,
				21A1FCEB18596B8E0097995D /* EXPMatchers+complete.m in Sources */,
				21DD76D31851805F00488C18 /* RACSignal+LLTestSubscriber.m in Sources */,
				21A1FCF218598AA60097995D /* EXPMatchers+finish.m in Sources */,
				212E349F1856DE7000D04066 /* LLReactiveMatchersHelpers.m in Sources */,
				21F5F6B31856731C00F4B30A /* LLSignalTestProxy.m in Sources */,
				212E34A31856E2BA00D04066 /* EXPMatchers+haveIdenticalErrors.m in Sources */,
				212E34AD185746FA00D04066 /* EXPMatchers+sendError.m in Sources */,
				21A1FCF718598D3E0097995D /* EXPMatchers+sendValues.m in Sources */,
				212E34941856BC5D00D04066 /* EXPMatchers+haveIdenticalEvents.m in Sources */,
			);
			runOnlyForDeploymentPostprocessing = 0;
		};
		21FD0A561850470000DB455B /* Sources */ = {
			isa = PBXSourcesBuildPhase;
			buildActionMask = 2147483647;
			files = (
				21DD76CE1851792C00488C18 /* FakeTestCase.m in Sources */,
				21A1FCF91859903A0097995D /* EXPMatchers+sendValuesTests.m in Sources */,
				21DD76CD1851792C00488C18 /* EXPExpect+Test.m in Sources */,
				21A1FCED18596DB30097995D /* EXPMatchers+completeTests.m in Sources */,
				212E34961856BC6D00D04066 /* EXPMatchers+haveIdenticalEventsTests.m in Sources */,
				212E34AA1856E68B00D04066 /* EXPMatchers+haveidenticalValuesTests.m in Sources */,
				218E71791851420400D42D57 /* LLSignalTestProxyTest.m in Sources */,
				212E34AF1857C93100D04066 /* EXPMatchers+sendErrorTest.m in Sources */,
				21A1FCF418598B2B0097995D /* EXPMatchers+finishTests.m in Sources */,
				218E717D185142C700D42D57 /* LLReactiveMatchersFixtures.m in Sources */,
				212E34A51856E2CE00D04066 /* EXPMatchers+haveIdenticalErrorsTests.m in Sources */,
			);
			runOnlyForDeploymentPostprocessing = 0;
		};
/* End PBXSourcesBuildPhase section */

/* Begin PBXTargetDependency section */
		21FD0A611850470000DB455B /* PBXTargetDependency */ = {
			isa = PBXTargetDependency;
			target = 21FD0A491850470000DB455B /* LLReactiveMatchers */;
			targetProxy = 21FD0A601850470000DB455B /* PBXContainerItemProxy */;
		};
/* End PBXTargetDependency section */

/* Begin PBXVariantGroup section */
		21FD0A661850470000DB455B /* InfoPlist.strings */ = {
			isa = PBXVariantGroup;
			children = (
				21FD0A671850470000DB455B /* en */,
			);
			name = InfoPlist.strings;
			sourceTree = "<group>";
		};
/* End PBXVariantGroup section */

/* Begin XCBuildConfiguration section */
		21FD0A6B1850470000DB455B /* Debug */ = {
			isa = XCBuildConfiguration;
			baseConfigurationReference = D5C77E98CCBE464094EAA1AE /* Pods.xcconfig */;
			buildSettings = {
				ALWAYS_SEARCH_USER_PATHS = NO;
				ARCHS = "$(ARCHS_STANDARD_INCLUDING_64_BIT)";
				CLANG_CXX_LANGUAGE_STANDARD = "gnu++0x";
				CLANG_CXX_LIBRARY = "libc++";
				CLANG_ENABLE_MODULES = YES;
				CLANG_ENABLE_OBJC_ARC = YES;
				CLANG_WARN_BOOL_CONVERSION = YES;
				CLANG_WARN_CONSTANT_CONVERSION = YES;
				CLANG_WARN_DIRECT_OBJC_ISA_USAGE = YES_ERROR;
				CLANG_WARN_EMPTY_BODY = YES;
				CLANG_WARN_ENUM_CONVERSION = YES;
				CLANG_WARN_INT_CONVERSION = YES;
				CLANG_WARN_OBJC_ROOT_CLASS = YES_ERROR;
				CLANG_WARN__DUPLICATE_METHOD_MATCH = YES;
				COPY_PHASE_STRIP = NO;
				GCC_C_LANGUAGE_STANDARD = gnu99;
				GCC_DYNAMIC_NO_PIC = NO;
				GCC_OPTIMIZATION_LEVEL = 0;
				GCC_PREPROCESSOR_DEFINITIONS = (
					"DEBUG=1",
					"USE_XCTEST=1",
					"$(inherited)",
				);
				GCC_SYMBOLS_PRIVATE_EXTERN = NO;
				GCC_WARN_64_TO_32_BIT_CONVERSION = YES;
				GCC_WARN_ABOUT_RETURN_TYPE = YES_ERROR;
				GCC_WARN_UNDECLARED_SELECTOR = YES;
				GCC_WARN_UNINITIALIZED_AUTOS = YES_AGGRESSIVE;
				GCC_WARN_UNUSED_FUNCTION = YES;
				GCC_WARN_UNUSED_VARIABLE = YES;
				IPHONEOS_DEPLOYMENT_TARGET = 7.1;
				ONLY_ACTIVE_ARCH = YES;
				SDKROOT = iphoneos;
			};
			name = Debug;
		};
		21FD0A6C1850470000DB455B /* Release */ = {
			isa = XCBuildConfiguration;
			baseConfigurationReference = D5C77E98CCBE464094EAA1AE /* Pods.xcconfig */;
			buildSettings = {
				ALWAYS_SEARCH_USER_PATHS = NO;
				ARCHS = "$(ARCHS_STANDARD_INCLUDING_64_BIT)";
				CLANG_CXX_LANGUAGE_STANDARD = "gnu++0x";
				CLANG_CXX_LIBRARY = "libc++";
				CLANG_ENABLE_MODULES = YES;
				CLANG_ENABLE_OBJC_ARC = YES;
				CLANG_WARN_BOOL_CONVERSION = YES;
				CLANG_WARN_CONSTANT_CONVERSION = YES;
				CLANG_WARN_DIRECT_OBJC_ISA_USAGE = YES_ERROR;
				CLANG_WARN_EMPTY_BODY = YES;
				CLANG_WARN_ENUM_CONVERSION = YES;
				CLANG_WARN_INT_CONVERSION = YES;
				CLANG_WARN_OBJC_ROOT_CLASS = YES_ERROR;
				CLANG_WARN__DUPLICATE_METHOD_MATCH = YES;
				COPY_PHASE_STRIP = YES;
				ENABLE_NS_ASSERTIONS = NO;
				GCC_C_LANGUAGE_STANDARD = gnu99;
				GCC_WARN_64_TO_32_BIT_CONVERSION = YES;
				GCC_WARN_ABOUT_RETURN_TYPE = YES_ERROR;
				GCC_WARN_UNDECLARED_SELECTOR = YES;
				GCC_WARN_UNINITIALIZED_AUTOS = YES_AGGRESSIVE;
				GCC_WARN_UNUSED_FUNCTION = YES;
				GCC_WARN_UNUSED_VARIABLE = YES;
				IPHONEOS_DEPLOYMENT_TARGET = 7.1;
				SDKROOT = iphoneos;
				VALIDATE_PRODUCT = YES;
			};
			name = Release;
		};
		21FD0A6E1850470000DB455B /* Debug */ = {
			isa = XCBuildConfiguration;
			baseConfigurationReference = D5C77E98CCBE464094EAA1AE /* Pods.xcconfig */;
			buildSettings = {
				DSTROOT = /tmp/LLReactiveMatchers.dst;
				GCC_PRECOMPILE_PREFIX_HEADER = YES;
				GCC_PREFIX_HEADER = "LLReactiveMatchers/LLReactiveMatchers-Prefix.pch";
				OTHER_LDFLAGS = "-ObjC";
				PRODUCT_NAME = "$(TARGET_NAME)";
				SKIP_INSTALL = YES;
			};
			name = Debug;
		};
		21FD0A6F1850470000DB455B /* Release */ = {
			isa = XCBuildConfiguration;
			baseConfigurationReference = D5C77E98CCBE464094EAA1AE /* Pods.xcconfig */;
			buildSettings = {
				DSTROOT = /tmp/LLReactiveMatchers.dst;
				GCC_PRECOMPILE_PREFIX_HEADER = YES;
				GCC_PREFIX_HEADER = "LLReactiveMatchers/LLReactiveMatchers-Prefix.pch";
				OTHER_LDFLAGS = "-ObjC";
				PRODUCT_NAME = "$(TARGET_NAME)";
				SKIP_INSTALL = YES;
			};
			name = Release;
		};
		21FD0A711850470000DB455B /* Debug */ = {
			isa = XCBuildConfiguration;
			baseConfigurationReference = D5C77E98CCBE464094EAA1AE /* Pods.xcconfig */;
			buildSettings = {
				ARCHS = "$(ARCHS_STANDARD_INCLUDING_64_BIT)";
				FRAMEWORK_SEARCH_PATHS = (
					"$(SDKROOT)/Developer/Library/Frameworks",
					"$(inherited)",
					"$(DEVELOPER_FRAMEWORKS_DIR)",
				);
				GCC_PRECOMPILE_PREFIX_HEADER = YES;
				GCC_PREFIX_HEADER = "LLReactiveMatchersTests/LLReactiveMatchersTests-Prefix.pch";
				GCC_PREPROCESSOR_DEFINITIONS = (
					"DEBUG=1",
					"$(inherited)",
				);
				INFOPLIST_FILE = "LLReactiveMatchersTests/LLReactiveMatchersTests-Info.plist";
				PRODUCT_NAME = "$(TARGET_NAME)";
				WRAPPER_EXTENSION = xctest;
			};
			name = Debug;
		};
		21FD0A721850470000DB455B /* Release */ = {
			isa = XCBuildConfiguration;
			baseConfigurationReference = D5C77E98CCBE464094EAA1AE /* Pods.xcconfig */;
			buildSettings = {
				ARCHS = "$(ARCHS_STANDARD_INCLUDING_64_BIT)";
				FRAMEWORK_SEARCH_PATHS = (
					"$(SDKROOT)/Developer/Library/Frameworks",
					"$(inherited)",
					"$(DEVELOPER_FRAMEWORKS_DIR)",
				);
				GCC_PRECOMPILE_PREFIX_HEADER = YES;
				GCC_PREFIX_HEADER = "LLReactiveMatchersTests/LLReactiveMatchersTests-Prefix.pch";
				INFOPLIST_FILE = "LLReactiveMatchersTests/LLReactiveMatchersTests-Info.plist";
				PRODUCT_NAME = "$(TARGET_NAME)";
				WRAPPER_EXTENSION = xctest;
			};
			name = Release;
		};
/* End XCBuildConfiguration section */

/* Begin XCConfigurationList section */
		21FD0A45185046FF00DB455B /* Build configuration list for PBXProject "LLReactiveMatchers" */ = {
			isa = XCConfigurationList;
			buildConfigurations = (
				21FD0A6B1850470000DB455B /* Debug */,
				21FD0A6C1850470000DB455B /* Release */,
			);
			defaultConfigurationIsVisible = 0;
			defaultConfigurationName = Release;
		};
		21FD0A6D1850470000DB455B /* Build configuration list for PBXNativeTarget "LLReactiveMatchers" */ = {
			isa = XCConfigurationList;
			buildConfigurations = (
				21FD0A6E1850470000DB455B /* Debug */,
				21FD0A6F1850470000DB455B /* Release */,
			);
			defaultConfigurationIsVisible = 0;
			defaultConfigurationName = Release;
		};
		21FD0A701850470000DB455B /* Build configuration list for PBXNativeTarget "LLReactiveMatchersTests" */ = {
			isa = XCConfigurationList;
			buildConfigurations = (
				21FD0A711850470000DB455B /* Debug */,
				21FD0A721850470000DB455B /* Release */,
			);
			defaultConfigurationIsVisible = 0;
			defaultConfigurationName = Release;
		};
/* End XCConfigurationList section */
	};
	rootObject = 21FD0A42185046FF00DB455B /* Project object */;
}
